// !$*UTF8*$!
{
	archiveVersion = 1;
	classes = {
	};
	objectVersion = 46;
	objects = {

/* Begin PBXBuildFile section */
		1D60589B0D05DD56006BFB54 /* main.m in Sources */ = {isa = PBXBuildFile; fileRef = 29B97316FDCFA39411CA2CEA /* main.m */; };
		1D60589F0D05DD5A006BFB54 /* Foundation.framework in Frameworks */ = {isa = PBXBuildFile; fileRef = 1D30AB110D05D00D00671497 /* Foundation.framework */; settings = {ATTRIBUTES = (Weak, ); }; };
		1DF5F4E00D08C38300B7A737 /* UIKit.framework in Frameworks */ = {isa = PBXBuildFile; fileRef = 1DF5F4DF0D08C38300B7A737 /* UIKit.framework */; };
		2892E4100DC94CBA00A64D0F /* CoreGraphics.framework in Frameworks */ = {isa = PBXBuildFile; fileRef = 2892E40F0DC94CBA00A64D0F /* CoreGraphics.framework */; };
		28AD73600D9D9599002E5188 /* MainWindow.xib in Resources */ = {isa = PBXBuildFile; fileRef = 28AD735F0D9D9599002E5188 /* MainWindow.xib */; };
		28F335F11007B36200424DE2 /* RootViewController.xib in Resources */ = {isa = PBXBuildFile; fileRef = 28F335F01007B36200424DE2 /* RootViewController.xib */; };
		4312CF7C11CB33E200E61D7A /* MessageUI.framework in Frameworks */ = {isa = PBXBuildFile; fileRef = 4312CF7B11CB33E200E61D7A /* MessageUI.framework */; };
		43A5382811DBE480004A1712 /* example.pdf in Resources */ = {isa = PBXBuildFile; fileRef = 43A5382611DBE480004A1712 /* example.pdf */; };
		43A5382911DBE480004A1712 /* sanFran.jpg in Resources */ = {isa = PBXBuildFile; fileRef = 43A5382711DBE480004A1712 /* sanFran.jpg */; };
		43A5383611DBE493004A1712 /* ExampleShareFile.m in Sources */ = {isa = PBXBuildFile; fileRef = 43A5382B11DBE493004A1712 /* ExampleShareFile.m */; };
		43A5383711DBE493004A1712 /* ExampleShareImage.m in Sources */ = {isa = PBXBuildFile; fileRef = 43A5382D11DBE493004A1712 /* ExampleShareImage.m */; };
		43A5383811DBE493004A1712 /* ExampleShareLink.m in Sources */ = {isa = PBXBuildFile; fileRef = 43A5382F11DBE493004A1712 /* ExampleShareLink.m */; };
		43A5383911DBE493004A1712 /* ExampleShareText.m in Sources */ = {isa = PBXBuildFile; fileRef = 43A5383111DBE493004A1712 /* ExampleShareText.m */; };
		43A5383A11DBE493004A1712 /* RootViewController.m in Sources */ = {isa = PBXBuildFile; fileRef = 43A5383311DBE493004A1712 /* RootViewController.m */; };
		43A5383B11DBE493004A1712 /* ShareKitAppDelegate.m in Sources */ = {isa = PBXBuildFile; fileRef = 43A5383511DBE493004A1712 /* ShareKitAppDelegate.m */; };
		43C91D1D11EB963600F31FAE /* MainWindow-iPad.xib in Resources */ = {isa = PBXBuildFile; fileRef = 43C91D1C11EB963600F31FAE /* MainWindow-iPad.xib */; };
		43D1DEF011D5CDD200550D75 /* SystemConfiguration.framework in Frameworks */ = {isa = PBXBuildFile; fileRef = 43D1DEEF11D5CDD200550D75 /* SystemConfiguration.framework */; };
		43EF406E11D3FFF800B1F700 /* Security.framework in Frameworks */ = {isa = PBXBuildFile; fileRef = 43EF406D11D3FFF800B1F700 /* Security.framework */; };
		7A2B025614A342D800E68A4C /* CFNetwork.framework in Frameworks */ = {isa = PBXBuildFile; fileRef = 7A2B025514A342D800E68A4C /* CFNetwork.framework */; };
		7A3C61EE147520B700C47D14 /* Twitter.framework in Frameworks */ = {isa = PBXBuildFile; fileRef = 7A3C61ED147520B700C47D14 /* Twitter.framework */; settings = {ATTRIBUTES = (Weak, ); }; };
		7AA40570146F1D6400685C81 /* ShareKitDemoConfigurator.m in Sources */ = {isa = PBXBuildFile; fileRef = 7AA4056F146F1D6400685C81 /* ShareKitDemoConfigurator.m */; };
		C0D3077B147BDC8100E74EA3 /* CoreLocation.framework in Frameworks */ = {isa = PBXBuildFile; fileRef = C0D3077A147BDC8100E74EA3 /* CoreLocation.framework */; };
		CB60AC3D153745E60001CDF6 /* libShareKit.a in Frameworks */ = {isa = PBXBuildFile; fileRef = CB60ABEC153742300001CDF6 /* libShareKit.a */; };
/* End PBXBuildFile section */

/* Begin PBXContainerItemProxy section */
		CB60ABEB153742300001CDF6 /* PBXContainerItemProxy */ = {
			isa = PBXContainerItemProxy;
			containerPortal = CB60ABDA153742300001CDF6 /* ShareKit.xcodeproj */;
			proxyType = 2;
			remoteGlobalIDString = CB38E0C415350F0F00F9D263;
			remoteInfo = ShareKit;
		};
		CB60AC6A15374E8E0001CDF6 /* PBXContainerItemProxy */ = {
			isa = PBXContainerItemProxy;
			containerPortal = CB60AC6615374E8E0001CDF6 /* ShareKit.xcodeproj */;
			proxyType = 2;
			remoteGlobalIDString = CB38E0C415350F0F00F9D263;
			remoteInfo = ShareKit;
		};
/* End PBXContainerItemProxy section */

/* Begin PBXFileReference section */
		1D30AB110D05D00D00671497 /* Foundation.framework */ = {isa = PBXFileReference; lastKnownFileType = wrapper.framework; name = Foundation.framework; path = System/Library/Frameworks/Foundation.framework; sourceTree = SDKROOT; };
		1D6058910D05DD3D006BFB54 /* ShareKit.app */ = {isa = PBXFileReference; explicitFileType = wrapper.application; includeInIndex = 0; path = ShareKit.app; sourceTree = BUILT_PRODUCTS_DIR; };
		1DF5F4DF0D08C38300B7A737 /* UIKit.framework */ = {isa = PBXFileReference; lastKnownFileType = wrapper.framework; name = UIKit.framework; path = System/Library/Frameworks/UIKit.framework; sourceTree = SDKROOT; };
		2892E40F0DC94CBA00A64D0F /* CoreGraphics.framework */ = {isa = PBXFileReference; lastKnownFileType = wrapper.framework; name = CoreGraphics.framework; path = System/Library/Frameworks/CoreGraphics.framework; sourceTree = SDKROOT; };
		28A0AAE50D9B0CCF005BE974 /* ShareKit_Prefix.pch */ = {isa = PBXFileReference; fileEncoding = 4; lastKnownFileType = sourcecode.c.h; path = ShareKit_Prefix.pch; sourceTree = "<group>"; };
		28AD735F0D9D9599002E5188 /* MainWindow.xib */ = {isa = PBXFileReference; lastKnownFileType = file.xib; path = MainWindow.xib; sourceTree = "<group>"; };
		28F335F01007B36200424DE2 /* RootViewController.xib */ = {isa = PBXFileReference; lastKnownFileType = file.xib; path = RootViewController.xib; sourceTree = "<group>"; };
		29B97316FDCFA39411CA2CEA /* main.m */ = {isa = PBXFileReference; fileEncoding = 4; lastKnownFileType = sourcecode.c.objc; path = main.m; sourceTree = "<group>"; };
		4312CF7B11CB33E200E61D7A /* MessageUI.framework */ = {isa = PBXFileReference; lastKnownFileType = wrapper.framework; name = MessageUI.framework; path = System/Library/Frameworks/MessageUI.framework; sourceTree = SDKROOT; };
		43A5382611DBE480004A1712 /* example.pdf */ = {isa = PBXFileReference; lastKnownFileType = image.pdf; name = example.pdf; path = Classes/Example/example.pdf; sourceTree = "<group>"; };
		43A5382711DBE480004A1712 /* sanFran.jpg */ = {isa = PBXFileReference; lastKnownFileType = image.jpeg; name = sanFran.jpg; path = Classes/Example/sanFran.jpg; sourceTree = "<group>"; };
		43A5382A11DBE493004A1712 /* ExampleShareFile.h */ = {isa = PBXFileReference; fileEncoding = 4; lastKnownFileType = sourcecode.c.h; name = ExampleShareFile.h; path = Example/ExampleShareFile.h; sourceTree = "<group>"; };
		43A5382B11DBE493004A1712 /* ExampleShareFile.m */ = {isa = PBXFileReference; fileEncoding = 4; lastKnownFileType = sourcecode.c.objc; name = ExampleShareFile.m; path = Example/ExampleShareFile.m; sourceTree = "<group>"; };
		43A5382C11DBE493004A1712 /* ExampleShareImage.h */ = {isa = PBXFileReference; fileEncoding = 4; lastKnownFileType = sourcecode.c.h; name = ExampleShareImage.h; path = Example/ExampleShareImage.h; sourceTree = "<group>"; };
		43A5382D11DBE493004A1712 /* ExampleShareImage.m */ = {isa = PBXFileReference; fileEncoding = 4; lastKnownFileType = sourcecode.c.objc; name = ExampleShareImage.m; path = Example/ExampleShareImage.m; sourceTree = "<group>"; };
		43A5382E11DBE493004A1712 /* ExampleShareLink.h */ = {isa = PBXFileReference; fileEncoding = 4; lastKnownFileType = sourcecode.c.h; name = ExampleShareLink.h; path = Example/ExampleShareLink.h; sourceTree = "<group>"; };
		43A5382F11DBE493004A1712 /* ExampleShareLink.m */ = {isa = PBXFileReference; fileEncoding = 4; lastKnownFileType = sourcecode.c.objc; name = ExampleShareLink.m; path = Example/ExampleShareLink.m; sourceTree = "<group>"; };
		43A5383011DBE493004A1712 /* ExampleShareText.h */ = {isa = PBXFileReference; fileEncoding = 4; lastKnownFileType = sourcecode.c.h; name = ExampleShareText.h; path = Example/ExampleShareText.h; sourceTree = "<group>"; };
		43A5383111DBE493004A1712 /* ExampleShareText.m */ = {isa = PBXFileReference; fileEncoding = 4; lastKnownFileType = sourcecode.c.objc; name = ExampleShareText.m; path = Example/ExampleShareText.m; sourceTree = "<group>"; };
		43A5383211DBE493004A1712 /* RootViewController.h */ = {isa = PBXFileReference; fileEncoding = 4; lastKnownFileType = sourcecode.c.h; name = RootViewController.h; path = Example/RootViewController.h; sourceTree = "<group>"; };
		43A5383311DBE493004A1712 /* RootViewController.m */ = {isa = PBXFileReference; fileEncoding = 4; lastKnownFileType = sourcecode.c.objc; name = RootViewController.m; path = Example/RootViewController.m; sourceTree = "<group>"; };
		43A5383411DBE493004A1712 /* ShareKitAppDelegate.h */ = {isa = PBXFileReference; fileEncoding = 4; lastKnownFileType = sourcecode.c.h; name = ShareKitAppDelegate.h; path = Example/ShareKitAppDelegate.h; sourceTree = "<group>"; };
		43A5383511DBE493004A1712 /* ShareKitAppDelegate.m */ = {isa = PBXFileReference; fileEncoding = 4; lastKnownFileType = sourcecode.c.objc; name = ShareKitAppDelegate.m; path = Example/ShareKitAppDelegate.m; sourceTree = "<group>"; };
		43C91D1C11EB963600F31FAE /* MainWindow-iPad.xib */ = {isa = PBXFileReference; lastKnownFileType = file.xib; name = "MainWindow-iPad.xib"; path = "Resources-iPad/MainWindow-iPad.xib"; sourceTree = "<group>"; };
		43D1DEEF11D5CDD200550D75 /* SystemConfiguration.framework */ = {isa = PBXFileReference; lastKnownFileType = wrapper.framework; name = SystemConfiguration.framework; path = System/Library/Frameworks/SystemConfiguration.framework; sourceTree = SDKROOT; };
		43EF406D11D3FFF800B1F700 /* Security.framework */ = {isa = PBXFileReference; lastKnownFileType = wrapper.framework; name = Security.framework; path = System/Library/Frameworks/Security.framework; sourceTree = SDKROOT; };
		7A2B025514A342D800E68A4C /* CFNetwork.framework */ = {isa = PBXFileReference; lastKnownFileType = wrapper.framework; name = CFNetwork.framework; path = System/Library/Frameworks/CFNetwork.framework; sourceTree = SDKROOT; };
		7A3C61ED147520B700C47D14 /* Twitter.framework */ = {isa = PBXFileReference; lastKnownFileType = wrapper.framework; name = Twitter.framework; path = System/Library/Frameworks/Twitter.framework; sourceTree = SDKROOT; };
		7AA4056E146F1D6400685C81 /* ShareKitDemoConfigurator.h */ = {isa = PBXFileReference; fileEncoding = 4; lastKnownFileType = sourcecode.c.h; name = ShareKitDemoConfigurator.h; path = Example/ShareKitDemoConfigurator.h; sourceTree = "<group>"; };
		7AA4056F146F1D6400685C81 /* ShareKitDemoConfigurator.m */ = {isa = PBXFileReference; fileEncoding = 4; lastKnownFileType = sourcecode.c.objc; name = ShareKitDemoConfigurator.m; path = Example/ShareKitDemoConfigurator.m; sourceTree = "<group>"; };
		8D1107310486CEB800E47090 /* ShareKit-Info.plist */ = {isa = PBXFileReference; fileEncoding = 4; lastKnownFileType = text.plist.xml; path = "ShareKit-Info.plist"; plistStructureDefinitionIdentifier = "com.apple.xcode.plist.structure-definition.iphone.info-plist"; sourceTree = "<group>"; };
		C0D3077A147BDC8100E74EA3 /* CoreLocation.framework */ = {isa = PBXFileReference; lastKnownFileType = wrapper.framework; name = CoreLocation.framework; path = System/Library/Frameworks/CoreLocation.framework; sourceTree = SDKROOT; };
		CB60ABDA153742300001CDF6 /* ShareKit.xcodeproj */ = {isa = PBXFileReference; lastKnownFileType = "wrapper.pb-project"; path = ShareKit.xcodeproj; sourceTree = "<group>"; };
		CB60AC6615374E8E0001CDF6 /* ShareKit.xcodeproj */ = {isa = PBXFileReference; lastKnownFileType = "wrapper.pb-project"; path = ShareKit.xcodeproj; sourceTree = SOURCE_ROOT; };
/* End PBXFileReference section */

/* Begin PBXFrameworksBuildPhase section */
		1D60588F0D05DD3D006BFB54 /* Frameworks */ = {
			isa = PBXFrameworksBuildPhase;
			buildActionMask = 2147483647;
			files = (
				CB60AC3D153745E60001CDF6 /* libShareKit.a in Frameworks */,
				7A2B025614A342D800E68A4C /* CFNetwork.framework in Frameworks */,
				7A3C61EE147520B700C47D14 /* Twitter.framework in Frameworks */,
				C0D3077B147BDC8100E74EA3 /* CoreLocation.framework in Frameworks */,
				1D60589F0D05DD5A006BFB54 /* Foundation.framework in Frameworks */,
				1DF5F4E00D08C38300B7A737 /* UIKit.framework in Frameworks */,
				2892E4100DC94CBA00A64D0F /* CoreGraphics.framework in Frameworks */,
				4312CF7C11CB33E200E61D7A /* MessageUI.framework in Frameworks */,
				43EF406E11D3FFF800B1F700 /* Security.framework in Frameworks */,
				43D1DEF011D5CDD200550D75 /* SystemConfiguration.framework in Frameworks */,
			);
			runOnlyForDeploymentPostprocessing = 0;
		};
/* End PBXFrameworksBuildPhase section */

/* Begin PBXGroup section */
		080E96DDFE201D6D7F000001 /* Classes */ = {
			isa = PBXGroup;
			children = (
				CB60AC6615374E8E0001CDF6 /* ShareKit.xcodeproj */,
				4362EB3311B9937300E3DB3A /* Example Project */,
			);
			path = Classes;
			sourceTree = "<group>";
		};
		19C28FACFE9D520D11CA2CBB /* Products */ = {
			isa = PBXGroup;
			children = (
				1D6058910D05DD3D006BFB54 /* ShareKit.app */,
			);
			name = Products;
			sourceTree = "<group>";
		};
		29B97314FDCFA39411CA2CEA /* CustomTemplate */ = {
			isa = PBXGroup;
			children = (
				080E96DDFE201D6D7F000001 /* Classes */,
				29B97315FDCFA39411CA2CEA /* Other Sources */,
				29B97317FDCFA39411CA2CEA /* Resources */,
				43C91D1B11EB963600F31FAE /* Resources-iPad */,
				29B97323FDCFA39411CA2CEA /* Frameworks */,
				19C28FACFE9D520D11CA2CBB /* Products */,
			);
			name = CustomTemplate;
			sourceTree = "<group>";
		};
		29B97315FDCFA39411CA2CEA /* Other Sources */ = {
			isa = PBXGroup;
			children = (
				28A0AAE50D9B0CCF005BE974 /* ShareKit_Prefix.pch */,
				29B97316FDCFA39411CA2CEA /* main.m */,
			);
			name = "Other Sources";
			sourceTree = "<group>";
		};
		29B97317FDCFA39411CA2CEA /* Resources */ = {
			isa = PBXGroup;
			children = (
				43A5382611DBE480004A1712 /* example.pdf */,
				43A5382711DBE480004A1712 /* sanFran.jpg */,
				28F335F01007B36200424DE2 /* RootViewController.xib */,
				28AD735F0D9D9599002E5188 /* MainWindow.xib */,
				8D1107310486CEB800E47090 /* ShareKit-Info.plist */,
			);
			name = Resources;
			sourceTree = "<group>";
		};
		29B97323FDCFA39411CA2CEA /* Frameworks */ = {
			isa = PBXGroup;
			children = (
				CB60ABDA153742300001CDF6 /* ShareKit.xcodeproj */,
				7A2B025514A342D800E68A4C /* CFNetwork.framework */,
				7A3C61ED147520B700C47D14 /* Twitter.framework */,
				C0D3077A147BDC8100E74EA3 /* CoreLocation.framework */,
				1DF5F4DF0D08C38300B7A737 /* UIKit.framework */,
				1D30AB110D05D00D00671497 /* Foundation.framework */,
				2892E40F0DC94CBA00A64D0F /* CoreGraphics.framework */,
				4312CF7B11CB33E200E61D7A /* MessageUI.framework */,
				43EF406D11D3FFF800B1F700 /* Security.framework */,
				43D1DEEF11D5CDD200550D75 /* SystemConfiguration.framework */,
			);
			name = Frameworks;
			sourceTree = "<group>";
		};
		4362EB3311B9937300E3DB3A /* Example Project */ = {
			isa = PBXGroup;
			children = (
				43A5382A11DBE493004A1712 /* ExampleShareFile.h */,
				43A5382B11DBE493004A1712 /* ExampleShareFile.m */,
				43A5382C11DBE493004A1712 /* ExampleShareImage.h */,
				43A5382D11DBE493004A1712 /* ExampleShareImage.m */,
				43A5382E11DBE493004A1712 /* ExampleShareLink.h */,
				43A5382F11DBE493004A1712 /* ExampleShareLink.m */,
				43A5383011DBE493004A1712 /* ExampleShareText.h */,
				43A5383111DBE493004A1712 /* ExampleShareText.m */,
				43A5383211DBE493004A1712 /* RootViewController.h */,
				43A5383311DBE493004A1712 /* RootViewController.m */,
				43A5383411DBE493004A1712 /* ShareKitAppDelegate.h */,
				43A5383511DBE493004A1712 /* ShareKitAppDelegate.m */,
				7AA4056E146F1D6400685C81 /* ShareKitDemoConfigurator.h */,
				7AA4056F146F1D6400685C81 /* ShareKitDemoConfigurator.m */,
			);
			name = "Example Project";
			sourceTree = "<group>";
		};
		43C91D1B11EB963600F31FAE /* Resources-iPad */ = {
			isa = PBXGroup;
			children = (
				43C91D1C11EB963600F31FAE /* MainWindow-iPad.xib */,
			);
			name = "Resources-iPad";
			sourceTree = "<group>";
		};
		CB60ABDB153742300001CDF6 /* Products */ = {
			isa = PBXGroup;
			children = (
				CB60ABEC153742300001CDF6 /* libShareKit.a */,
			);
			name = Products;
			sourceTree = "<group>";
		};
		CB60AC6715374E8E0001CDF6 /* Products */ = {
			isa = PBXGroup;
			children = (
				CB60AC6B15374E8E0001CDF6 /* libShareKit.a */,
			);
			name = Products;
			sourceTree = "<group>";
		};
/* End PBXGroup section */

/* Begin PBXNativeTarget section */
		1D6058900D05DD3D006BFB54 /* ShareKit */ = {
			isa = PBXNativeTarget;
			buildConfigurationList = 1D6058960D05DD3E006BFB54 /* Build configuration list for PBXNativeTarget "ShareKit" */;
			buildPhases = (
				1D60588D0D05DD3D006BFB54 /* Resources */,
				1D60588E0D05DD3D006BFB54 /* Sources */,
				1D60588F0D05DD3D006BFB54 /* Frameworks */,
			);
			buildRules = (
			);
			dependencies = (
			);
			name = ShareKit;
			productName = ShareKit;
			productReference = 1D6058910D05DD3D006BFB54 /* ShareKit.app */;
			productType = "com.apple.product-type.application";
		};
/* End PBXNativeTarget section */

/* Begin PBXProject section */
		29B97313FDCFA39411CA2CEA /* Project object */ = {
			isa = PBXProject;
			attributes = {
				LastUpgradeCheck = 0430;
			};
			buildConfigurationList = C01FCF4E08A954540054247B /* Build configuration list for PBXProject "ShareKit-Sample" */;
			compatibilityVersion = "Xcode 3.2";
			developmentRegion = English;
			hasScannedForEncodings = 1;
			knownRegions = (
				English,
				Japanese,
				French,
				German,
				en,
				de,
				ja,
				nl,
				vi,
				zh_CN,
				eu,
				fr,
				ko,
			);
			mainGroup = 29B97314FDCFA39411CA2CEA /* CustomTemplate */;
			projectDirPath = "";
			projectReferences = (
				{
					ProductGroup = CB60ABDB153742300001CDF6 /* Products */;
					ProjectRef = CB60ABDA153742300001CDF6 /* ShareKit.xcodeproj */;
				},
				{
					ProductGroup = CB60AC6715374E8E0001CDF6 /* Products */;
					ProjectRef = CB60AC6615374E8E0001CDF6 /* ShareKit.xcodeproj */;
				},
			);
			projectRoot = "";
			targets = (
				1D6058900D05DD3D006BFB54 /* ShareKit */,
			);
		};
/* End PBXProject section */

/* Begin PBXReferenceProxy section */
		CB60ABEC153742300001CDF6 /* libShareKit.a */ = {
			isa = PBXReferenceProxy;
			fileType = archive.ar;
			path = libShareKit.a;
			remoteRef = CB60ABEB153742300001CDF6 /* PBXContainerItemProxy */;
			sourceTree = BUILT_PRODUCTS_DIR;
		};
		CB60AC6B15374E8E0001CDF6 /* libShareKit.a */ = {
			isa = PBXReferenceProxy;
			fileType = archive.ar;
			path = libShareKit.a;
			remoteRef = CB60AC6A15374E8E0001CDF6 /* PBXContainerItemProxy */;
			sourceTree = BUILT_PRODUCTS_DIR;
		};
/* End PBXReferenceProxy section */

/* Begin PBXResourcesBuildPhase section */
		1D60588D0D05DD3D006BFB54 /* Resources */ = {
			isa = PBXResourcesBuildPhase;
			buildActionMask = 2147483647;
			files = (
				28AD73600D9D9599002E5188 /* MainWindow.xib in Resources */,
				28F335F11007B36200424DE2 /* RootViewController.xib in Resources */,
				43A5382811DBE480004A1712 /* example.pdf in Resources */,
				43A5382911DBE480004A1712 /* sanFran.jpg in Resources */,
				43C91D1D11EB963600F31FAE /* MainWindow-iPad.xib in Resources */,
			);
			runOnlyForDeploymentPostprocessing = 0;
		};
/* End PBXResourcesBuildPhase section */

/* Begin PBXSourcesBuildPhase section */
		1D60588E0D05DD3D006BFB54 /* Sources */ = {
			isa = PBXSourcesBuildPhase;
			buildActionMask = 2147483647;
			files = (
				1D60589B0D05DD56006BFB54 /* main.m in Sources */,
				43A5383611DBE493004A1712 /* ExampleShareFile.m in Sources */,
				43A5383711DBE493004A1712 /* ExampleShareImage.m in Sources */,
				43A5383811DBE493004A1712 /* ExampleShareLink.m in Sources */,
				43A5383911DBE493004A1712 /* ExampleShareText.m in Sources */,
				43A5383A11DBE493004A1712 /* RootViewController.m in Sources */,
				43A5383B11DBE493004A1712 /* ShareKitAppDelegate.m in Sources */,
				7AA40570146F1D6400685C81 /* ShareKitDemoConfigurator.m in Sources */,
			);
			runOnlyForDeploymentPostprocessing = 0;
		};
/* End PBXSourcesBuildPhase section */

/* Begin XCBuildConfiguration section */
		1D6058940D05DD3E006BFB54 /* Debug */ = {
			isa = XCBuildConfiguration;
			buildSettings = {
				ALWAYS_SEARCH_USER_PATHS = NO;
				ARCHS = (
					"$(ARCHS_STANDARD_32_BIT)",
					arm6,
				);
				COPY_PHASE_STRIP = NO;
				GCC_DYNAMIC_NO_PIC = NO;
				GCC_OPTIMIZATION_LEVEL = 0;
				GCC_PRECOMPILE_PREFIX_HEADER = YES;
				GCC_PREFIX_HEADER = ShareKit_Prefix.pch;
				GCC_WARN_UNINITIALIZED_AUTOS = NO;
				INFOPLIST_FILE = "ShareKit-Info.plist";
				IPHONEOS_DEPLOYMENT_TARGET = 4.0;
				PRODUCT_NAME = ShareKit;
				SDKROOT = iphoneos;
				TARGETED_DEVICE_FAMILY = "1,2";
			};
			name = Debug;
		};
		1D6058950D05DD3E006BFB54 /* Release */ = {
			isa = XCBuildConfiguration;
			buildSettings = {
				ALWAYS_SEARCH_USER_PATHS = NO;
				ARCHS = (
					"$(ARCHS_STANDARD_32_BIT)",
					arm6,
				);
				COPY_PHASE_STRIP = YES;
				GCC_PRECOMPILE_PREFIX_HEADER = YES;
				GCC_PREFIX_HEADER = ShareKit_Prefix.pch;
				GCC_WARN_UNINITIALIZED_AUTOS = NO;
				INFOPLIST_FILE = "ShareKit-Info.plist";
				IPHONEOS_DEPLOYMENT_TARGET = 4.0;
				PRODUCT_NAME = ShareKit;
				SDKROOT = iphoneos;
				TARGETED_DEVICE_FAMILY = "1,2";
				VALIDATE_PRODUCT = YES;
			};
			name = Release;
		};
		C01FCF4F08A954540054247B /* Debug */ = {
			isa = XCBuildConfiguration;
			buildSettings = {
				ARCHS = "$(ARCHS_STANDARD_32_BIT)";
				"CODE_SIGN_IDENTITY[sdk=iphoneos*]" = "iPhone Developer";
				GCC_C_LANGUAGE_STANDARD = c99;
				GCC_WARN_ABOUT_RETURN_TYPE = YES;
				GCC_WARN_UNUSED_VARIABLE = YES;
				IPHONEOS_DEPLOYMENT_TARGET = 3.1;
				SDKROOT = iphoneos;
				TARGETED_DEVICE_FAMILY = "1,2";
			};
			name = Debug;
		};
		C01FCF5008A954540054247B /* Release */ = {
			isa = XCBuildConfiguration;
			buildSettings = {
				ARCHS = "$(ARCHS_STANDARD_32_BIT)";
				"CODE_SIGN_IDENTITY[sdk=iphoneos*]" = "iPhone Developer";
				GCC_C_LANGUAGE_STANDARD = c99;
				GCC_WARN_ABOUT_RETURN_TYPE = YES;
				GCC_WARN_UNUSED_VARIABLE = YES;
				IPHONEOS_DEPLOYMENT_TARGET = 3.1;
				OTHER_CFLAGS = "-DNS_BLOCK_ASSERTIONS=1";
				SDKROOT = iphoneos;
				TARGETED_DEVICE_FAMILY = "1,2";
			};
			name = Release;
		};
/* End XCBuildConfiguration section */

/* Begin XCConfigurationList section */
		1D6058960D05DD3E006BFB54 /* Build configuration list for PBXNativeTarget "ShareKit" */ = {
			isa = XCConfigurationList;
			buildConfigurations = (
				1D6058940D05DD3E006BFB54 /* Debug */,
				1D6058950D05DD3E006BFB54 /* Release */,
			);
			defaultConfigurationIsVisible = 0;
			defaultConfigurationName = Release;
		};
		C01FCF4E08A954540054247B /* Build configuration list for PBXProject "ShareKit-Sample" */ = {
			isa = XCConfigurationList;
			buildConfigurations = (
				C01FCF4F08A954540054247B /* Debug */,
				C01FCF5008A954540054247B /* Release */,
			);
			defaultConfigurationIsVisible = 0;
			defaultConfigurationName = Release;
		};
/* End XCConfigurationList section */
	};
	rootObject = 29B97313FDCFA39411CA2CEA /* Project object */;
}
